{
	"name": "helloworld",
	"version": "1.0.0",
	"lockfileVersion": 3,
	"requires": true,
	"packages": {
		"": {
			"name": "helloworld",
			"version": "1.0.0",
			"license": "MIT",
			"dependencies": {
				"jolt-physics": "^0.27.0"
			}
		},
		"node_modules/jolt-physics": {
			"version": "0.27.0",
			"resolved": "https://registry.npmjs.org/jolt-physics/-/jolt-physics-0.27.0.tgz",
			"integrity": "sha512-ShcUfcswf8IUMTbcMf+b+dJ5cqagb5UcE1bYluX/iRLttrqe5C+9a9xIJD08OzAIuKcgzYCHliKlaq08D4gO+Q=="
		}
	}
}
